
Microsoft Visual Studio Solution File, Format Version 12.00
# Visual Studio Version 17
VisualStudioVersion = 17.6.33815.320
MinimumVisualStudioVersion = 10.0.40219.1
Project("{FAE04EC0-301F-11D3-BF4B-00C04F79EFBC}") = "GardenSoft", "GardenSoft\GardenSoft.csproj", "{75DEEFF7-5EE6-44B7-AE36-D16B3C76436A}"
EndProject
Global
	GlobalSection(SolutionConfigurationPlatforms) = preSolution
		Debug|Any CPU = Debug|Any CPU
		Release|Any CPU = Release|Any CPU
	EndGlobalSection
	GlobalSection(ProjectConfigurationPlatforms) = postSolution
		{75DEEFF7-5EE6-44B7-AE36-D16B3C76436A}.Debug|Any CPU.ActiveCfg = Debug|Any CPU
		{75DEEFF7-5EE6-44B7-AE36-D16B3C76436A}.Debug|Any CPU.Build.0 = Debug|Any CPU
		{75DEEFF7-5EE6-44B7-AE36-D16B3C76436A}.Release|Any CPU.ActiveCfg = Release|Any CPU
		{75DEEFF7-5EE6-44B7-AE36-D16B3C76436A}.Release|Any CPU.Build.0 = Release|Any CPU
	EndGlobalSection
	GlobalSection(SolutionProperties) = preSolution
		HideSolutionNode = FALSE
	EndGlobalSection
	GlobalSection(ExtensibilityGlobals) = postSolution
		SolutionGuid = {BDAE3742-2D04-467C-BCD8-D494B6B95580}
	EndGlobalSection
EndGlobal
